
Microsoft Visual Studio Solution File, Format Version 11.00
# Visual Studio 2010
Project("{FAE04EC0-301F-11D3-BF4B-00C04F79EFBC}") = "ARCatScottagochi", "Assembly-CSharp-firstpass.csproj", "{729FDBEE-62AE-AEEF-931A-AFE8CEB07631}"
EndProject
Project("{FAE04EC0-301F-11D3-BF4B-00C04F79EFBC}") = "ARCatScottagochi", "Assembly-CSharp.csproj", "{C277B3DC-848B-1423-A7FA-5733E707266B}"
EndProject
Project("{FAE04EC0-301F-11D3-BF4B-00C04F79EFBC}") = "ARCatScottagochi", "Assembly-CSharp-Editor-firstpass.csproj", "{87955641-00A8-1A55-0B36-48ADF43DDBA4}"
EndProject
Project("{FAE04EC0-301F-11D3-BF4B-00C04F79EFBC}") = "ARCatScottagochi", "Assembly-CSharp-Editor.csproj", "{4DDE5710-CA4E-C7F7-C199-8DC14B171AF5}"
EndProject
Global
	GlobalSection(SolutionConfigurationPlatforms) = preSolution
		Debug|Any CPU = Debug|Any CPU
		Release|Any CPU = Release|Any CPU
	EndGlobalSection
	GlobalSection(ProjectConfigurationPlatforms) = postSolution
		{729FDBEE-62AE-AEEF-931A-AFE8CEB07631}.Debug|Any CPU.ActiveCfg = Debug|Any CPU
		{729FDBEE-62AE-AEEF-931A-AFE8CEB07631}.Debug|Any CPU.Build.0 = Debug|Any CPU
		{729FDBEE-62AE-AEEF-931A-AFE8CEB07631}.Release|Any CPU.ActiveCfg = Release|Any CPU
		{729FDBEE-62AE-AEEF-931A-AFE8CEB07631}.Release|Any CPU.Build.0 = Release|Any CPU
		{C277B3DC-848B-1423-A7FA-5733E707266B}.Debug|Any CPU.ActiveCfg = Debug|Any CPU
		{C277B3DC-848B-1423-A7FA-5733E707266B}.Debug|Any CPU.Build.0 = Debug|Any CPU
		{C277B3DC-848B-1423-A7FA-5733E707266B}.Release|Any CPU.ActiveCfg = Release|Any CPU
		{C277B3DC-848B-1423-A7FA-5733E707266B}.Release|Any CPU.Build.0 = Release|Any CPU
		{87955641-00A8-1A55-0B36-48ADF43DDBA4}.Debug|Any CPU.ActiveCfg = Debug|Any CPU
		{87955641-00A8-1A55-0B36-48ADF43DDBA4}.Debug|Any CPU.Build.0 = Debug|Any CPU
		{87955641-00A8-1A55-0B36-48ADF43DDBA4}.Release|Any CPU.ActiveCfg = Release|Any CPU
		{87955641-00A8-1A55-0B36-48ADF43DDBA4}.Release|Any CPU.Build.0 = Release|Any CPU
		{4DDE5710-CA4E-C7F7-C199-8DC14B171AF5}.Debug|Any CPU.ActiveCfg = Debug|Any CPU
		{4DDE5710-CA4E-C7F7-C199-8DC14B171AF5}.Debug|Any CPU.Build.0 = Debug|Any CPU
		{4DDE5710-CA4E-C7F7-C199-8DC14B171AF5}.Release|Any CPU.ActiveCfg = Release|Any CPU
		{4DDE5710-CA4E-C7F7-C199-8DC14B171AF5}.Release|Any CPU.Build.0 = Release|Any CPU
	EndGlobalSection
	GlobalSection(SolutionProperties) = preSolution
		HideSolutionNode = FALSE
	EndGlobalSection
	GlobalSection(MonoDevelopProperties) = preSolution
		StartupItem = Assembly-CSharp.csproj
	EndGlobalSection
EndGlobal
